
Microsoft Visual Studio Solution File, Format Version 12.00
# Visual Studio Version 16
VisualStudioVersion = 16.0.30413.136
MinimumVisualStudioVersion = 10.0.40219.1
Project("{FAE04EC0-301F-11D3-BF4B-00C04F79EFBC}") = "Test pole", "Test pole\Test pole.csproj", "{C6BDBB30-3191-4614-B859-550154964ADA}"
EndProject
Global
	GlobalSection(SolutionConfigurationPlatforms) = preSolution
		Debug|Any CPU = Debug|Any CPU
		Release|Any CPU = Release|Any CPU
	EndGlobalSection
	GlobalSection(ProjectConfigurationPlatforms) = postSolution
		{C6BDBB30-3191-4614-B859-550154964ADA}.Debug|Any CPU.ActiveCfg = Debug|Any CPU
		{C6BDBB30-3191-4614-B859-550154964ADA}.Debug|Any CPU.Build.0 = Debug|Any CPU
		{C6BDBB30-3191-4614-B859-550154964ADA}.Release|Any CPU.ActiveCfg = Release|Any CPU
		{C6BDBB30-3191-4614-B859-550154964ADA}.Release|Any CPU.Build.0 = Release|Any CPU
	EndGlobalSection
	GlobalSection(SolutionProperties) = preSolution
		HideSolutionNode = FALSE
	EndGlobalSection
	GlobalSection(ExtensibilityGlobals) = postSolution
		SolutionGuid = {6B7B27C5-6E46-4FF0-8E60-C2FBFC426EF4}
	EndGlobalSection
EndGlobal
